// !$*UTF8*$!
{archiveVersion = 1; classes = {}; objectVersion = 56; objects = {
5D36E56DEB5422AA5A29053A = {isa = PBXFileReference; lastKnownFileType = sourcecode.swift; path = "AppDelegate.swift"; sourceTree = "<group>";};
DE4DC7203ADB1C51B17AC452 = {isa = PBXBuildFile; fileRef = 5D36E56DEB5422AA5A29053A;};
4E54CE33ACA54C3A5DB1F836 = {isa = PBXFileReference; lastKnownFileType = sourcecode.swift; path = "AppDependencies.swift"; sourceTree = "<group>";};
267A8F6202EAD86BC427DDEA = {isa = PBXBuildFile; fileRef = 4E54CE33ACA54C3A5DB1F836;};
FEEFB4BD4028D6049CD210CB = {isa = PBXFileReference; lastKnownFileType = sourcecode.swift; path = "ApplicationCoordinator.swift"; sourceTree = "<group>";};
FA5EF4F8AC666B0D7D04A039 = {isa = PBXBuildFile; fileRef = FEEFB4BD4028D6049CD210CB;};
D826D9FAD8F4AC830245DF99 = {isa = PBXFileReference; lastKnownFileType = sourcecode.swift; path = "ApplicationMenuBuilder.swift"; sourceTree = "<group>";};
9990D41B49CFE9E7FF093076 = {isa = PBXBuildFile; fileRef = D826D9FAD8F4AC830245DF99;};
E0ECEF9B08452B077D784AB0 = {isa = PBXFileReference; lastKnownFileType = sourcecode.swift; path = "SingleInstanceLock.swift"; sourceTree = "<group>";};
582E5A108FB04DDCF8A918F8 = {isa = PBXBuildFile; fileRef = E0ECEF9B08452B077D784AB0;};
A24A4D6F0745A42F18DEB5EE = {isa = PBXGroup; children = (5D36E56DEB5422AA5A29053A,4E54CE33ACA54C3A5DB1F836,FEEFB4BD4028D6049CD210CB,D826D9FAD8F4AC830245DF99,E0ECEF9B08452B077D784AB0,); path = "App"; sourceTree = "<group>";};
2A8173FEDF2823619FEF3640 = {isa = PBXFileReference; lastKnownFileType = sourcecode.swift; path = "AppConfiguration.swift"; sourceTree = "<group>";};
540C74A84776A023B9C37EA2 = {isa = PBXBuildFile; fileRef = 2A8173FEDF2823619FEF3640;};
F294B38F3F70062C462B272B = {isa = PBXFileReference; lastKnownFileType = sourcecode.swift; path = "AppEntryVisibility.swift"; sourceTree = "<group>";};
5167FCC3916AEC1BD78862B6 = {isa = PBXBuildFile; fileRef = F294B38F3F70062C462B272B;};
16B692A6F996B36C7D23A14C = {isa = PBXFileReference; lastKnownFileType = sourcecode.swift; path = "AppProfile.swift"; sourceTree = "<group>";};
D2ADEB88297D44E9DF7FB113 = {isa = PBXBuildFile; fileRef = 16B692A6F996B36C7D23A14C;};
1C57B109A658B6CE6490CFD4 = {isa = PBXFileReference; lastKnownFileType = sourcecode.swift; path = "ApplicationIdentity.swift"; sourceTree = "<group>";};
4BE7FCDA2528BDFC60DEB226 = {isa = PBXBuildFile; fileRef = 1C57B109A658B6CE6490CFD4;};
548517C6E4C35F9597043F9D = {isa = PBXFileReference; lastKnownFileType = sourcecode.swift; path = "CapturedInputTarget.swift"; sourceTree = "<group>";};
11CFF7BF1F5D4F91694016C8 = {isa = PBXBuildFile; fileRef = 548517C6E4C35F9597043F9D;};
80C8DDE17C9AA0B63D431E48 = {isa = PBXFileReference; lastKnownFileType = sourcecode.swift; path = "ClickModifier.swift"; sourceTree = "<group>";};
C56514EC18E3A47C51ABEDBC = {isa = PBXBuildFile; fileRef = 80C8DDE17C9AA0B63D431E48;};
0F03CBAFB78C23539C2DAB76 = {isa = PBXFileReference; lastKnownFileType = sourcecode.swift; path = "DisplayMode.swift"; sourceTree = "<group>";};
FB579D9A8BC1ED09ECAEFDED = {isa = PBXBuildFile; fileRef = 0F03CBAFB78C23539C2DAB76;};
5EF222B97404579208DB6366 = {isa = PBXFileReference; lastKnownFileType = sourcecode.swift; path = "InputAuthorizationStatus.swift"; sourceTree = "<group>";};
4BBEA6641A5A752892796590 = {isa = PBXBuildFile; fileRef = 5EF222B97404579208DB6366;};
29427F20C540405271A86D1F = {isa = PBXFileReference; lastKnownFileType = sourcecode.swift; path = "InputFailure.swift"; sourceTree = "<group>";};
124E9820A02A829F3BAF1626 = {isa = PBXBuildFile; fileRef = 29427F20C540405271A86D1F;};
DD450F41D839DAC7AF17AEA6 = {isa = PBXFileReference; lastKnownFileType = sourcecode.swift; path = "InsertionResult.swift"; sourceTree = "<group>";};
BCE9B3B4B7025CA289D5F7B1 = {isa = PBXBuildFile; fileRef = DD450F41D839DAC7AF17AEA6;};
84CA73C0FDE99298F3B1B464 = {isa = PBXFileReference; lastKnownFileType = sourcecode.swift; path = "MenuAnchorMode.swift"; sourceTree = "<group>";};
A49B492D1BD3F8C79F90F3BB = {isa = PBXBuildFile; fileRef = 84CA73C0FDE99298F3B1B464;};
5285E1CCBDE81F06BF649BC1 = {isa = PBXFileReference; lastKnownFileType = sourcecode.swift; path = "Preferences.swift"; sourceTree = "<group>";};
74D7A29F60576F6ADD06BA0B = {isa = PBXBuildFile; fileRef = 5285E1CCBDE81F06BF649BC1;};
ED2BBBE08DC11306CA81703A = {isa = PBXFileReference; lastKnownFileType = sourcecode.swift; path = "PreparedInput.swift"; sourceTree = "<group>";};
CAF840E1205EA3D5ABE207D4 = {isa = PBXBuildFile; fileRef = ED2BBBE08DC11306CA81703A;};
812B292A4756BC7827C51B40 = {isa = PBXFileReference; lastKnownFileType = sourcecode.swift; path = "Snippet.swift"; sourceTree = "<group>";};
FFA0A9E7398480EA166B4714 = {isa = PBXBuildFile; fileRef = 812B292A4756BC7827C51B40;};
8F01BBCF4C2337374B667884 = {isa = PBXGroup; children = (2A8173FEDF2823619FEF3640,F294B38F3F70062C462B272B,16B692A6F996B36C7D23A14C,1C57B109A658B6CE6490CFD4,548517C6E4C35F9597043F9D,80C8DDE17C9AA0B63D431E48,0F03CBAFB78C23539C2DAB76,5EF222B97404579208DB6366,29427F20C540405271A86D1F,DD450F41D839DAC7AF17AEA6,84CA73C0FDE99298F3B1B464,5285E1CCBDE81F06BF649BC1,ED2BBBE08DC11306CA81703A,812B292A4756BC7827C51B40,); path = "Models"; sourceTree = "<group>";};
A20A9DDC89C00BC82EE8C1D5 = {isa = PBXFileReference; lastKnownFileType = sourcecode.swift; path = "InsertionVerification.swift"; sourceTree = "<group>";};
024C4D4D6CC2EA994161FD16 = {isa = PBXBuildFile; fileRef = A20A9DDC89C00BC82EE8C1D5;};
6B37ED08C590C8723C6DEE17 = {isa = PBXFileReference; lastKnownFileType = sourcecode.swift; path = "SnippetValidator.swift"; sourceTree = "<group>";};
B1FE526C9511110571A1E2C9 = {isa = PBXBuildFile; fileRef = 6B37ED08C590C8723C6DEE17;};
4535662FCF2A0CCD17E49D5A = {isa = PBXGroup; children = (A20A9DDC89C00BC82EE8C1D5,6B37ED08C590C8723C6DEE17,); path = "Rules"; sourceTree = "<group>";};
F89080F07C8B2081FA1F3D25 = {isa = PBXFileReference; lastKnownFileType = sourcecode.swift; path = "AuthorizationFlow.swift"; sourceTree = "<group>";};
9EE5CA37BC813EB0259E7A15 = {isa = PBXBuildFile; fileRef = F89080F07C8B2081FA1F3D25;};
0AA273B2C0F1A2BBB2B4A014 = {isa = PBXFileReference; lastKnownFileType = sourcecode.swift; path = "HoldMenuSession.swift"; sourceTree = "<group>";};
68E6F2719FE44BF7607517CB = {isa = PBXBuildFile; fileRef = 0AA273B2C0F1A2BBB2B4A014;};
F050354B5A1DDE8F0FA2BB96 = {isa = PBXFileReference; lastKnownFileType = sourcecode.swift; path = "OperationGate.swift"; sourceTree = "<group>";};
5555DA796BB46D990FB8A47D = {isa = PBXBuildFile; fileRef = F050354B5A1DDE8F0FA2BB96;};
3EE4030BAEAD40E801D5F107 = {isa = PBXGroup; children = (F89080F07C8B2081FA1F3D25,0AA273B2C0F1A2BBB2B4A014,F050354B5A1DDE8F0FA2BB96,); path = "StateMachines"; sourceTree = "<group>";};
FF32626228A5F27E2ED7B41D = {isa = PBXGroup; children = (8F01BBCF4C2337374B667884,4535662FCF2A0CCD17E49D5A,3EE4030BAEAD40E801D5F107,); path = "Domain"; sourceTree = "<group>";};
AE273AF3AF0186150923DB76 = {isa = PBXFileReference; lastKnownFileType = sourcecode.swift; path = "AboutView.swift"; sourceTree = "<group>";};
7DFA26A87A3879FB32A5E7FA = {isa = PBXBuildFile; fileRef = AE273AF3AF0186150923DB76;};
617F25AB2AAF8347BE1E6C84 = {isa = PBXGroup; children = (AE273AF3AF0186150923DB76,); path = "Views"; sourceTree = "<group>";};
F1B1F4A7A5406935A464502E = {isa = PBXGroup; children = (617F25AB2AAF8347BE1E6C84,); path = "About"; sourceTree = "<group>";};
F51872A3C9149F6FEB8A3D92 = {isa = PBXFileReference; lastKnownFileType = sourcecode.swift; path = "AuthorizationGuideWindowController.swift"; sourceTree = "<group>";};
3F115FAA57B2AA884959EDF3 = {isa = PBXBuildFile; fileRef = F51872A3C9149F6FEB8A3D92;};
1185739377C6FEC9BA966969 = {isa = PBXFileReference; lastKnownFileType = sourcecode.swift; path = "AuthorizationGuideLayout.swift"; sourceTree = "<group>";};
CAD024D367E46F726B8E2EA0 = {isa = PBXBuildFile; fileRef = 1185739377C6FEC9BA966969;};
811D833A406F4B113D2A0983 = {isa = PBXGroup; children = (1185739377C6FEC9BA966969,); path = "Layout"; sourceTree = "<group>";};
4ABBBB254765B0A1E46A3C93 = {isa = PBXFileReference; lastKnownFileType = sourcecode.swift; path = "AuthorizationGuideViewModel.swift"; sourceTree = "<group>";};
1E5263533C1919427ADBD85A = {isa = PBXBuildFile; fileRef = 4ABBBB254765B0A1E46A3C93;};
63428509EB943AE570944642 = {isa = PBXGroup; children = (4ABBBB254765B0A1E46A3C93,); path = "ViewModels"; sourceTree = "<group>";};
DEBB5A7872C4009AB2EF5946 = {isa = PBXFileReference; lastKnownFileType = sourcecode.swift; path = "ApplicationDragView.swift"; sourceTree = "<group>";};
B0EA91AC4B784CF184823706 = {isa = PBXBuildFile; fileRef = DEBB5A7872C4009AB2EF5946;};
FF2FEC576B0F4BC2F8DE5316 = {isa = PBXFileReference; lastKnownFileType = sourcecode.swift; path = "AuthorizationBackdrop.swift"; sourceTree = "<group>";};
DD9CEFD272D5478F78AEF091 = {isa = PBXBuildFile; fileRef = FF2FEC576B0F4BC2F8DE5316;};
8B5DF96C48C9F41EB78890FE = {isa = PBXFileReference; lastKnownFileType = sourcecode.swift; path = "AuthorizationGuidePanel.swift"; sourceTree = "<group>";};
58D7C5078AF83AF17A3A64ED = {isa = PBXBuildFile; fileRef = 8B5DF96C48C9F41EB78890FE;};
F1B1C7AF1CB60214667976B9 = {isa = PBXFileReference; lastKnownFileType = sourcecode.swift; path = "AuthorizationGuideView.swift"; sourceTree = "<group>";};
3F586C5A23515603321D5265 = {isa = PBXBuildFile; fileRef = F1B1C7AF1CB60214667976B9;};
E2FD7A51ABF0BB4A257FACCB = {isa = PBXGroup; children = (DEBB5A7872C4009AB2EF5946,FF2FEC576B0F4BC2F8DE5316,8B5DF96C48C9F41EB78890FE,F1B1C7AF1CB60214667976B9,); path = "Views"; sourceTree = "<group>";};
94C4CC966F4E2C71E81FBE98 = {isa = PBXGroup; children = (F51872A3C9149F6FEB8A3D92,811D833A406F4B113D2A0983,63428509EB943AE570944642,E2FD7A51ABF0BB4A257FACCB,); path = "AuthorizationGuide"; sourceTree = "<group>";};
7A7F75DD6DF6BD5B9A05C5D5 = {isa = PBXFileReference; lastKnownFileType = sourcecode.swift; path = "AnimationScheduling.swift"; sourceTree = "<group>";};
D391F205915EDDE13929E055 = {isa = PBXBuildFile; fileRef = 7A7F75DD6DF6BD5B9A05C5D5;};
7D29E77C45DA41A22FE83670 = {isa = PBXFileReference; lastKnownFileType = sourcecode.swift; path = "FloatingMenuAnimationConfiguration.swift"; sourceTree = "<group>";};
88299A12B143475A3509501E = {isa = PBXBuildFile; fileRef = 7D29E77C45DA41A22FE83670;};
EA299138110E45525777CAB4 = {isa = PBXFileReference; lastKnownFileType = sourcecode.swift; path = "FloatingMenuAnimator.swift"; sourceTree = "<group>";};
299B5C895FF4628BCD315E80 = {isa = PBXBuildFile; fileRef = EA299138110E45525777CAB4;};
955CAD18BEACB0A059BDB8EC = {isa = PBXFileReference; lastKnownFileType = sourcecode.swift; path = "MainQueueAnimationScheduler.swift"; sourceTree = "<group>";};
1127B0A98DB065DA36A4610A = {isa = PBXBuildFile; fileRef = 955CAD18BEACB0A059BDB8EC;};
E2DE73E77E1669CE78324C53 = {isa = PBXGroup; children = (7A7F75DD6DF6BD5B9A05C5D5,7D29E77C45DA41A22FE83670,EA299138110E45525777CAB4,955CAD18BEACB0A059BDB8EC,); path = "Animation"; sourceTree = "<group>";};
5D7E80B1BA721F068AEAC417 = {isa = PBXFileReference; lastKnownFileType = sourcecode.swift; path = "FloatingMenuWindowController.swift"; sourceTree = "<group>";};
B83C97B8F05930D9F7CF12E0 = {isa = PBXBuildFile; fileRef = 5D7E80B1BA721F068AEAC417;};
E228338ACBAF704C4571651A = {isa = PBXFileReference; lastKnownFileType = sourcecode.swift; path = "MenuAnchor.swift"; sourceTree = "<group>";};
434046AA4E7C415B6E22C556 = {isa = PBXBuildFile; fileRef = E228338ACBAF704C4571651A;};
C1BCF2A21C4644617DEFF024 = {isa = PBXFileReference; lastKnownFileType = sourcecode.swift; path = "RadialLayout.swift"; sourceTree = "<group>";};
806FD07111BE5D85E1D49107 = {isa = PBXBuildFile; fileRef = C1BCF2A21C4644617DEFF024;};
C6C2DFC3FF78F1A20E68AD5F = {isa = PBXGroup; children = (E228338ACBAF704C4571651A,C1BCF2A21C4644617DEFF024,); path = "Layout"; sourceTree = "<group>";};
ABFB48F92CD1A23327F2B68D = {isa = PBXFileReference; lastKnownFileType = sourcecode.swift; path = "FloatingMenuViewModel.swift"; sourceTree = "<group>";};
1D863BBA46974E5433DA0FFC = {isa = PBXBuildFile; fileRef = ABFB48F92CD1A23327F2B68D;};
7589F33237CE4AC45ABFC152 = {isa = PBXFileReference; lastKnownFileType = sourcecode.swift; path = "MenuPresentation.swift"; sourceTree = "<group>";};
A3CA62CD7240A4A1664BFF1C = {isa = PBXBuildFile; fileRef = 7589F33237CE4AC45ABFC152;};
64F14365B317709869864809 = {isa = PBXFileReference; lastKnownFileType = sourcecode.swift; path = "SelectionMovement.swift"; sourceTree = "<group>";};
63EB7B4B431F26841BDE8025 = {isa = PBXBuildFile; fileRef = 64F14365B317709869864809;};
61C5912563E69B6591697C01 = {isa = PBXGroup; children = (ABFB48F92CD1A23327F2B68D,7589F33237CE4AC45ABFC152,64F14365B317709869864809,); path = "ViewModels"; sourceTree = "<group>";};
0A3814001709A6F21067BC38 = {isa = PBXFileReference; lastKnownFileType = sourcecode.swift; path = "FloatingMenuButton.swift"; sourceTree = "<group>";};
DF24AF4037EA51CECEE4D853 = {isa = PBXBuildFile; fileRef = 0A3814001709A6F21067BC38;};
A997EA6316706FE22831E28C = {isa = PBXFileReference; lastKnownFileType = sourcecode.swift; path = "FloatingMenuPanel.swift"; sourceTree = "<group>";};
32F9FFA5D00077A9469322F4 = {isa = PBXBuildFile; fileRef = A997EA6316706FE22831E28C;};
CDB5C0EBC2B6DB837C910EC5 = {isa = PBXFileReference; lastKnownFileType = sourcecode.swift; path = "FloatingMenuView.swift"; sourceTree = "<group>";};
7A623939BB65278E0C72D189 = {isa = PBXBuildFile; fileRef = CDB5C0EBC2B6DB837C910EC5;};
BC0DE4B7FF2BD56CC1C99CEE = {isa = PBXGroup; children = (0A3814001709A6F21067BC38,A997EA6316706FE22831E28C,CDB5C0EBC2B6DB837C910EC5,); path = "Views"; sourceTree = "<group>";};
1594378635F4EF18E92B7056 = {isa = PBXGroup; children = (E2DE73E77E1669CE78324C53,5D7E80B1BA721F068AEAC417,C6C2DFC3FF78F1A20E68AD5F,61C5912563E69B6591697C01,BC0DE4B7FF2BD56CC1C99CEE,); path = "FloatingMenu"; sourceTree = "<group>";};
171262DCED62DB633543BE55 = {isa = PBXFileReference; lastKnownFileType = sourcecode.swift; path = "MainPage.swift"; sourceTree = "<group>";};
EF8D7630EDAB87CD7930E0FC = {isa = PBXBuildFile; fileRef = 171262DCED62DB633543BE55;};
FF84E2CD92EADAA129130ED9 = {isa = PBXFileReference; lastKnownFileType = sourcecode.swift; path = "MainWindowController.swift"; sourceTree = "<group>";};
DDFE8BD99DA02E96B14C9DD2 = {isa = PBXBuildFile; fileRef = FF84E2CD92EADAA129130ED9;};
DE4A695B0065D1ADE339C42E = {isa = PBXFileReference; lastKnownFileType = sourcecode.swift; path = "MainWindowViewModel.swift"; sourceTree = "<group>";};
FDE9DD673EAD0C1D9ECECFAE = {isa = PBXBuildFile; fileRef = DE4A695B0065D1ADE339C42E;};
7E572D17D7D35AAE519439D4 = {isa = PBXGroup; children = (DE4A695B0065D1ADE339C42E,); path = "ViewModels"; sourceTree = "<group>";};
3B42B70D9DBB09F6A3409992 = {isa = PBXFileReference; lastKnownFileType = sourcecode.swift; path = "MainWindowView.swift"; sourceTree = "<group>";};
D8486F8263F4A9BA50553572 = {isa = PBXBuildFile; fileRef = 3B42B70D9DBB09F6A3409992;};
B9CFD13A897BEBB6889759E6 = {isa = PBXFileReference; lastKnownFileType = sourcecode.swift; path = "NavigationRailView.swift"; sourceTree = "<group>";};
6465E2744736928C3E06591D = {isa = PBXBuildFile; fileRef = B9CFD13A897BEBB6889759E6;};
CECDA71C698BE104A0F4DB36 = {isa = PBXGroup; children = (3B42B70D9DBB09F6A3409992,B9CFD13A897BEBB6889759E6,); path = "Views"; sourceTree = "<group>";};
6CFFFBB3F34C23A5B1606568 = {isa = PBXGroup; children = (171262DCED62DB633543BE55,FF84E2CD92EADAA129130ED9,7E572D17D7D35AAE519439D4,CECDA71C698BE104A0F4DB36,); path = "MainWindow"; sourceTree = "<group>";};
2385FA7DB5DC011F4F84E4EF = {isa = PBXFileReference; lastKnownFileType = sourcecode.swift; path = "AppEntryPreferencesCardView.swift"; sourceTree = "<group>";};
B52846907750618F1EED884E = {isa = PBXBuildFile; fileRef = 2385FA7DB5DC011F4F84E4EF;};
11B112D322DF8F52F2E74A37 = {isa = PBXFileReference; lastKnownFileType = sourcecode.swift; path = "AuthorizationPreferencesCardView.swift"; sourceTree = "<group>";};
7F7166D8AF75215571DB89AE = {isa = PBXBuildFile; fileRef = 11B112D322DF8F52F2E74A37;};
85E9405C60395CF1B751FFBB = {isa = PBXFileReference; lastKnownFileType = sourcecode.swift; path = "ConfigurationPreferencesCardView.swift"; sourceTree = "<group>";};
E9AACF2B155C9848F9CD8D42 = {isa = PBXBuildFile; fileRef = 85E9405C60395CF1B751FFBB;};
E4DA40A80D9359F4EDBA1E45 = {isa = PBXFileReference; lastKnownFileType = sourcecode.swift; path = "PermissionRowView.swift"; sourceTree = "<group>";};
010D16D314DDB01BE14A7D4A = {isa = PBXBuildFile; fileRef = E4DA40A80D9359F4EDBA1E45;};
91FD693EC657D2A68EC6BB5C = {isa = PBXFileReference; lastKnownFileType = sourcecode.swift; path = "TriggerPreferencesCardView.swift"; sourceTree = "<group>";};
258478E9BB4C62AD467CB294 = {isa = PBXBuildFile; fileRef = 91FD693EC657D2A68EC6BB5C;};
6C6E40B80CF661903EF30EF4 = {isa = PBXGroup; children = (2385FA7DB5DC011F4F84E4EF,11B112D322DF8F52F2E74A37,85E9405C60395CF1B751FFBB,E4DA40A80D9359F4EDBA1E45,91FD693EC657D2A68EC6BB5C,); path = "Components"; sourceTree = "<group>";};
44E2FB1C6D034FB71FA436C2 = {isa = PBXFileReference; lastKnownFileType = sourcecode.swift; path = "PreferencesViewModel.swift"; sourceTree = "<group>";};
7068DBBFB1EE7A826D75CAFC = {isa = PBXBuildFile; fileRef = 44E2FB1C6D034FB71FA436C2;};
6ABB430B476EE95452DEE019 = {isa = PBXGroup; children = (44E2FB1C6D034FB71FA436C2,); path = "ViewModels"; sourceTree = "<group>";};
F503C08C909BA82952C58DC3 = {isa = PBXFileReference; lastKnownFileType = sourcecode.swift; path = "PreferencesView.swift"; sourceTree = "<group>";};
F5387B5804BD2CF9CFE4663B = {isa = PBXBuildFile; fileRef = F503C08C909BA82952C58DC3;};
B798083A3C7B12DBEFD3D63B = {isa = PBXGroup; children = (F503C08C909BA82952C58DC3,); path = "Views"; sourceTree = "<group>";};
F982EA95B20027A422F0BC13 = {isa = PBXGroup; children = (6C6E40B80CF661903EF30EF4,6ABB430B476EE95452DEE019,B798083A3C7B12DBEFD3D63B,); path = "Preferences"; sourceTree = "<group>";};
71D82E90F3C181268D7B6DAC = {isa = PBXFileReference; lastKnownFileType = sourcecode.swift; path = "ApplicationRowView.swift"; sourceTree = "<group>";};
1354E706C67CA7B4F54CB0AE = {isa = PBXBuildFile; fileRef = 71D82E90F3C181268D7B6DAC;};
290BA708F0EE640468807F5B = {isa = PBXFileReference; lastKnownFileType = sourcecode.swift; path = "SaveIssueDetailView.swift"; sourceTree = "<group>";};
AB113E401F963AB1980DC996 = {isa = PBXBuildFile; fileRef = 290BA708F0EE640468807F5B;};
9DEDCE3143539CD090FA877A = {isa = PBXFileReference; lastKnownFileType = sourcecode.swift; path = "SnippetActionsView.swift"; sourceTree = "<group>";};
EF903375BB4CF7D232626148 = {isa = PBXBuildFile; fileRef = 9DEDCE3143539CD090FA877A;};
051A775558E376682494AAF6 = {isa = PBXFileReference; lastKnownFileType = sourcecode.swift; path = "SnippetBodyEditorView.swift"; sourceTree = "<group>";};
BDD7094F38F23D021C187C80 = {isa = PBXBuildFile; fileRef = 051A775558E376682494AAF6;};
0572A52832515B200F333264 = {isa = PBXFileReference; lastKnownFileType = sourcecode.swift; path = "SnippetButtonView.swift"; sourceTree = "<group>";};
3756D45D627B34049C8CD16A = {isa = PBXBuildFile; fileRef = 0572A52832515B200F333264;};
5BFCC17094B5D8CE6F433FFE = {isa = PBXFileReference; lastKnownFileType = sourcecode.swift; path = "SnippetPaginationView.swift"; sourceTree = "<group>";};
7F30EBD396724D4C80E32AFA = {isa = PBXBuildFile; fileRef = 5BFCC17094B5D8CE6F433FFE;};
11A63C2010D225A258BF6245 = {isa = PBXFileReference; lastKnownFileType = sourcecode.swift; path = "SnippetRingPreviewView.swift"; sourceTree = "<group>";};
8AF3786D8D173E55AC11A192 = {isa = PBXBuildFile; fileRef = 11A63C2010D225A258BF6245;};
1BDEAB8F162C37155DB1E968 = {isa = PBXFileReference; lastKnownFileType = sourcecode.swift; path = "SnippetSaveStatusView.swift"; sourceTree = "<group>";};
808F5E154E3FBA94DFC6901F = {isa = PBXBuildFile; fileRef = 1BDEAB8F162C37155DB1E968;};
13BAB7358430CDCC3A7B1B98 = {isa = PBXFileReference; lastKnownFileType = sourcecode.swift; path = "SnippetTitleEditorView.swift"; sourceTree = "<group>";};
2089626FB2B2954F9DAE3E2E = {isa = PBXBuildFile; fileRef = 13BAB7358430CDCC3A7B1B98;};
BB34DE7C44BE06A5D4661B4D = {isa = PBXFileReference; lastKnownFileType = sourcecode.swift; path = "SnippetToolbarView.swift"; sourceTree = "<group>";};
D933FFBFA22F4177D3651683 = {isa = PBXBuildFile; fileRef = BB34DE7C44BE06A5D4661B4D;};
E6AA0E4B17C0F870683FCC69 = {isa = PBXGroup; children = (71D82E90F3C181268D7B6DAC,290BA708F0EE640468807F5B,9DEDCE3143539CD090FA877A,051A775558E376682494AAF6,0572A52832515B200F333264,5BFCC17094B5D8CE6F433FFE,11A63C2010D225A258BF6245,1BDEAB8F162C37155DB1E968,13BAB7358430CDCC3A7B1B98,BB34DE7C44BE06A5D4661B4D,); path = "Components"; sourceTree = "<group>";};
E30475FB01C274C669C9CF5B = {isa = PBXFileReference; lastKnownFileType = sourcecode.swift; path = "EditorColumns.swift"; sourceTree = "<group>";};
5A9ECE5CC2850CDCB818B171 = {isa = PBXBuildFile; fileRef = E30475FB01C274C669C9CF5B;};
B0BA98E654497E319DB3C665 = {isa = PBXFileReference; lastKnownFileType = sourcecode.swift; path = "EditorRingLayout.swift"; sourceTree = "<group>";};
1FEA023C0B95D03E5D8ED8DC = {isa = PBXBuildFile; fileRef = B0BA98E654497E319DB3C665;};
8037F6835C664A8916339CA8 = {isa = PBXGroup; children = (E30475FB01C274C669C9CF5B,B0BA98E654497E319DB3C665,); path = "Layout"; sourceTree = "<group>";};
5AA3A535DDD62CF60D8A691F = {isa = PBXFileReference; lastKnownFileType = sourcecode.swift; path = "ProfileEditorViewModel.swift"; sourceTree = "<group>";};
504AB0671C154AE1924FA644 = {isa = PBXBuildFile; fileRef = 5AA3A535DDD62CF60D8A691F;};
4159A5CE29ACBBC9922CBD52 = {isa = PBXFileReference; lastKnownFileType = sourcecode.swift; path = "SnippetDeletion.swift"; sourceTree = "<group>";};
AB6925BF92DBBB6FDBD441AE = {isa = PBXBuildFile; fileRef = 4159A5CE29ACBBC9922CBD52;};
E727D1E6A49720A90DDC1CEE = {isa = PBXFileReference; lastKnownFileType = sourcecode.swift; path = "SnippetEditorSession.swift"; sourceTree = "<group>";};
D897A4DAB93BCC354DDFBEF7 = {isa = PBXBuildFile; fileRef = E727D1E6A49720A90DDC1CEE;};
4D414E96AFC208C89312F782 = {isa = PBXGroup; children = (5AA3A535DDD62CF60D8A691F,4159A5CE29ACBBC9922CBD52,E727D1E6A49720A90DDC1CEE,); path = "ViewModels"; sourceTree = "<group>";};
F926953BCCAE7E9D2407A58F = {isa = PBXFileReference; lastKnownFileType = sourcecode.swift; path = "ApplicationListView.swift"; sourceTree = "<group>";};
D2F3754CFA929C867310C29E = {isa = PBXBuildFile; fileRef = F926953BCCAE7E9D2407A58F;};
291D96DA25DF19F339505A11 = {isa = PBXFileReference; lastKnownFileType = sourcecode.swift; path = "ProfileEditorView.swift"; sourceTree = "<group>";};
4E89B6C33C36A364ED2D2019 = {isa = PBXBuildFile; fileRef = 291D96DA25DF19F339505A11;};
7F49809C7EFB44F6C7701B6E = {isa = PBXFileReference; lastKnownFileType = sourcecode.swift; path = "ProfileWorkspaceView.swift"; sourceTree = "<group>";};
C9CA59CC87BFBC437632E4D8 = {isa = PBXBuildFile; fileRef = 7F49809C7EFB44F6C7701B6E;};
A123F7F40D6800E9B5F33908 = {isa = PBXGroup; children = (F926953BCCAE7E9D2407A58F,291D96DA25DF19F339505A11,7F49809C7EFB44F6C7701B6E,); path = "Views"; sourceTree = "<group>";};
F4A55052A50B966DB3DFEC68 = {isa = PBXGroup; children = (E6AA0E4B17C0F870683FCC69,8037F6835C664A8916339CA8,4D414E96AFC208C89312F782,A123F7F40D6800E9B5F33908,); path = "ProfileEditor"; sourceTree = "<group>";};
762227FD596691B77FDCF45E = {isa = PBXGroup; children = (F1B1F4A7A5406935A464502E,94C4CC966F4E2C71E81FBE98,1594378635F4EF18E92B7056,6CFFFBB3F34C23A5B1606568,F982EA95B20027A422F0BC13,F4A55052A50B966DB3DFEC68,); path = "Features"; sourceTree = "<group>";};
C2EF508C0CEBA46C297BD35D = {isa = PBXFileReference; lastKnownFileType = sourcecode.swift; path = "AppEntryPreferencesStorage.swift"; sourceTree = "<group>";};
798EF1B01BB2BDCB68EE1BF0 = {isa = PBXBuildFile; fileRef = C2EF508C0CEBA46C297BD35D;};
DA1571C178B2933AD139178A = {isa = PBXFileReference; lastKnownFileType = sourcecode.swift; path = "ConfigurationIssue.swift"; sourceTree = "<group>";};
043DB6A4ED50ACB8544FDF71 = {isa = PBXBuildFile; fileRef = DA1571C178B2933AD139178A;};
1AB422312FE4E3C2D8CF31A1 = {isa = PBXFileReference; lastKnownFileType = sourcecode.swift; path = "ConfigurationRepository.swift"; sourceTree = "<group>";};
C52829105EAD68277F0EF71D = {isa = PBXBuildFile; fileRef = 1AB422312FE4E3C2D8CF31A1;};
46C8FCCB4B6947DBBE37A945 = {isa = PBXFileReference; lastKnownFileType = sourcecode.swift; path = "ConfigurationStorage.swift"; sourceTree = "<group>";};
07EEC6B94426D797A35CF92D = {isa = PBXBuildFile; fileRef = 46C8FCCB4B6947DBBE37A945;};
3F3C2506A7BCC79A9A7FB828 = {isa = PBXFileReference; lastKnownFileType = sourcecode.swift; path = "JSONConfigurationStorage.swift"; sourceTree = "<group>";};
956085986641E14AD117A0E5 = {isa = PBXBuildFile; fileRef = 3F3C2506A7BCC79A9A7FB828;};
A69FF10E4E6BA77714224DB5 = {isa = PBXGroup; children = (C2EF508C0CEBA46C297BD35D,DA1571C178B2933AD139178A,1AB422312FE4E3C2D8CF31A1,46C8FCCB4B6947DBBE37A945,3F3C2506A7BCC79A9A7FB828,); path = "Persistence"; sourceTree = "<group>";};
F37E3CD72928769208366E15 = {isa = PBXFileReference; lastKnownFileType = sourcecode.swift; path = "AccessibilityInputWorker.swift"; sourceTree = "<group>";};
D5517A7187538F73ED0730A7 = {isa = PBXBuildFile; fileRef = F37E3CD72928769208366E15;};
D780CD02B478A0D6392C4201 = {isa = PBXFileReference; lastKnownFileType = sourcecode.swift; path = "AppEntryPlatform.swift"; sourceTree = "<group>";};
02271605F633D6885D23A4BB = {isa = PBXBuildFile; fileRef = D780CD02B478A0D6392C4201;};
C90EDBA1782CFC8888FD0C55 = {isa = PBXFileReference; lastKnownFileType = sourcecode.swift; path = "ApplicationCatalog.swift"; sourceTree = "<group>";};
AE6E7C61A37E4E6EE129D3A1 = {isa = PBXBuildFile; fileRef = C90EDBA1782CFC8888FD0C55;};
58879820983E6779EEAFE5BD = {isa = PBXFileReference; lastKnownFileType = sourcecode.swift; path = "ApplicationChoice.swift"; sourceTree = "<group>";};
90927F07BD616B3F41011518 = {isa = PBXBuildFile; fileRef = 58879820983E6779EEAFE5BD;};
4A5FB9A2526F8FA6D6A53FDA = {isa = PBXFileReference; lastKnownFileType = sourcecode.swift; path = "ApplicationMetadata.swift"; sourceTree = "<group>";};
9BB1C697EC36CDCA5604E0DB = {isa = PBXBuildFile; fileRef = 4A5FB9A2526F8FA6D6A53FDA;};
5D042F3AB366FF9DD99A3626 = {isa = PBXFileReference; lastKnownFileType = sourcecode.swift; path = "AuthorizationEnvironment.swift"; sourceTree = "<group>";};
3ED6D7AC2CFDCAB8C03DE1DD = {isa = PBXBuildFile; fileRef = 5D042F3AB366FF9DD99A3626;};
115FC9781836F57DB1005CD2 = {isa = PBXFileReference; lastKnownFileType = sourcecode.swift; path = "ClipboardPasteEventTag.swift"; sourceTree = "<group>";};
8C6889EE5B15D9DF2A1AFFEB = {isa = PBXBuildFile; fileRef = 115FC9781836F57DB1005CD2;};
F10EB2549304D04B4F6C363E = {isa = PBXFileReference; lastKnownFileType = sourcecode.swift; path = "ClipboardService.swift"; sourceTree = "<group>";};
FAFD32E249259B2543E37C87 = {isa = PBXBuildFile; fileRef = F10EB2549304D04B4F6C363E;};
7641D568988706D94CDFC5B7 = {isa = PBXFileReference; lastKnownFileType = sourcecode.swift; path = "DockPolicy.swift"; sourceTree = "<group>";};
440415D39DE0FBF98A09E04A = {isa = PBXBuildFile; fileRef = 7641D568988706D94CDFC5B7;};
C44C3D3548C44F7338F1A1D8 = {isa = PBXFileReference; lastKnownFileType = sourcecode.swift; path = "MacAppEntryController.swift"; sourceTree = "<group>";};
7771CA514FD2DECB9CA19B2B = {isa = PBXBuildFile; fileRef = C44C3D3548C44F7338F1A1D8;};
E6BBA2E1185B3D1F826E82A7 = {isa = PBXFileReference; lastKnownFileType = sourcecode.swift; path = "MacConfigurationFileDialog.swift"; sourceTree = "<group>";};
7E9A29846D808EAB31F658FF = {isa = PBXBuildFile; fileRef = E6BBA2E1185B3D1F826E82A7;};
3C6D42E5455D0257B15809A6 = {isa = PBXFileReference; lastKnownFileType = sourcecode.swift; path = "ModifierReleaseWaiter.swift"; sourceTree = "<group>";};
D78ED3D0EF71FF15D5151872 = {isa = PBXBuildFile; fileRef = 3C6D42E5455D0257B15809A6;};
13552D834ACBB22B615ED948 = {isa = PBXFileReference; lastKnownFileType = sourcecode.swift; path = "MacOverlayInspector.swift"; sourceTree = "<group>";};
7A944F8A62B4E93C10C12631 = {isa = PBXBuildFile; fileRef = 13552D834ACBB22B615ED948;};
3545584BA95F9FD5B316CBFA = {isa = PBXFileReference; lastKnownFileType = sourcecode.swift; path = "OverlayEligibility.swift"; sourceTree = "<group>";};
3459B6ECE3C23EBBC151DFE7 = {isa = PBXBuildFile; fileRef = 3545584BA95F9FD5B316CBFA;};
8B2C6977FE08E40AA9CBE9AC = {isa = PBXFileReference; lastKnownFileType = sourcecode.swift; path = "OverlayInspecting.swift"; sourceTree = "<group>";};
81687BDBF4C0F9578C01E84A = {isa = PBXBuildFile; fileRef = 8B2C6977FE08E40AA9CBE9AC;};
CBEA39DF3DDA04BD186BA8C3 = {isa = PBXFileReference; lastKnownFileType = sourcecode.swift; path = "VisibleOverlay.swift"; sourceTree = "<group>";};
3EF854476052F05552A44DF8 = {isa = PBXBuildFile; fileRef = CBEA39DF3DDA04BD186BA8C3;};
23965CD72864F30CD6A366A3 = {isa = PBXGroup; children = (13552D834ACBB22B615ED948,3545584BA95F9FD5B316CBFA,8B2C6977FE08E40AA9CBE9AC,CBEA39DF3DDA04BD186BA8C3,); path = "Overlay"; sourceTree = "<group>";};
7B2718A02DB672861F09934C = {isa = PBXFileReference; lastKnownFileType = sourcecode.swift; path = "PasteEnvironment.swift"; sourceTree = "<group>";};
37B6B3046EF6C13F390192E4 = {isa = PBXBuildFile; fileRef = 7B2718A02DB672861F09934C;};
EBF9E7D6B8B678A784B6FB03 = {isa = PBXFileReference; lastKnownFileType = sourcecode.swift; path = "PasteEventDispatcher.swift"; sourceTree = "<group>";};
C5A8F743CDE351F6D9AAD67C = {isa = PBXBuildFile; fileRef = EBF9E7D6B8B678A784B6FB03;};
EF4239FF635C33D3838BD090 = {isa = PBXFileReference; lastKnownFileType = sourcecode.swift; path = "QuitShortcut.swift"; sourceTree = "<group>";};
EBC20AEF7E3FAD331F94EAAF = {isa = PBXBuildFile; fileRef = EF4239FF635C33D3838BD090;};
6D878D96D21857FA4C1996E8 = {isa = PBXFileReference; lastKnownFileType = sourcecode.swift; path = "ScreenCoordinates.swift"; sourceTree = "<group>";};
DE489D65E21029BF7D273B62 = {isa = PBXBuildFile; fileRef = 6D878D96D21857FA4C1996E8;};
5116F030B65424D3B7B392E7 = {isa = PBXFileReference; lastKnownFileType = sourcecode.swift; path = "ShortcutName.swift"; sourceTree = "<group>";};
C455D5EB2165C7A3B2974920 = {isa = PBXBuildFile; fileRef = 5116F030B65424D3B7B392E7;};
C458472404D50B216BFFFF24 = {isa = PBXFileReference; lastKnownFileType = sourcecode.swift; path = "TextInputEligibility.swift"; sourceTree = "<group>";};
7EF3EAE37DEC1288C516A22A = {isa = PBXBuildFile; fileRef = C458472404D50B216BFFFF24;};
B9EDA2A001590902168E84F2 = {isa = PBXFileReference; lastKnownFileType = sourcecode.swift; path = "TriggerEventMonitor.swift"; sourceTree = "<group>";};
8CBFBE277B3F5FF42C9D1A15 = {isa = PBXBuildFile; fileRef = B9EDA2A001590902168E84F2;};
0E8C359BA22A643BD7EED772 = {isa = PBXGroup; children = (F37E3CD72928769208366E15,D780CD02B478A0D6392C4201,C90EDBA1782CFC8888FD0C55,58879820983E6779EEAFE5BD,4A5FB9A2526F8FA6D6A53FDA,5D042F3AB366FF9DD99A3626,115FC9781836F57DB1005CD2,F10EB2549304D04B4F6C363E,7641D568988706D94CDFC5B7,C44C3D3548C44F7338F1A1D8,E6BBA2E1185B3D1F826E82A7,3C6D42E5455D0257B15809A6,23965CD72864F30CD6A366A3,7B2718A02DB672861F09934C,EBF9E7D6B8B678A784B6FB03,EF4239FF635C33D3838BD090,6D878D96D21857FA4C1996E8,5116F030B65424D3B7B392E7,C458472404D50B216BFFFF24,B9EDA2A001590902168E84F2,); path = "macOS"; sourceTree = "<group>";};
C84E6738AA09D867516FFF31 = {isa = PBXGroup; children = (0E8C359BA22A643BD7EED772,); path = "Platform"; sourceTree = "<group>";};
6DF06594BE6E35971BA4EF46 = {isa = PBXFileReference; lastKnownFileType = sourcecode.swift; path = "AppEntryService.swift"; sourceTree = "<group>";};
9975EE109687D4E1FD76C1E2 = {isa = PBXBuildFile; fileRef = 6DF06594BE6E35971BA4EF46;};
6C38513BE540DD9FB845AF07 = {isa = PBXFileReference; lastKnownFileType = sourcecode.swift; path = "AuthorizationGuidePresenting.swift"; sourceTree = "<group>";};
A1585A29E3AFDE1563DAFB60 = {isa = PBXBuildFile; fileRef = 6C38513BE540DD9FB845AF07;};
6CB67DBEF4D346498902091E = {isa = PBXFileReference; lastKnownFileType = sourcecode.swift; path = "AuthorizationService.swift"; sourceTree = "<group>";};
592D4134EE3D45A281F67C37 = {isa = PBXBuildFile; fileRef = 6CB67DBEF4D346498902091E;};
E21A23F37E82640317551CFC = {isa = PBXFileReference; lastKnownFileType = sourcecode.swift; path = "ConfigurationFileDialog.swift"; sourceTree = "<group>";};
530C68C378BDD3EC5932376A = {isa = PBXBuildFile; fileRef = E21A23F37E82640317551CFC;};
5DB0B145E96BAA251DFC137B = {isa = PBXFileReference; lastKnownFileType = sourcecode.swift; path = "ConfigurationFileService.swift"; sourceTree = "<group>";};
F2C776798F75E33B946AC94A = {isa = PBXBuildFile; fileRef = 5DB0B145E96BAA251DFC137B;};
9A0E0CBCD240E03F4DF85B7F = {isa = PBXFileReference; lastKnownFileType = sourcecode.swift; path = "FloatingMenuPresenting.swift"; sourceTree = "<group>";};
1F0F0FA73AEA8379E043CAAC = {isa = PBXBuildFile; fileRef = 9A0E0CBCD240E03F4DF85B7F;};
DD7CC86DA38C424C794604C9 = {isa = PBXFileReference; lastKnownFileType = sourcecode.swift; path = "InputTargetWorker.swift"; sourceTree = "<group>";};
A623B148BE643F94EBDB1C06 = {isa = PBXBuildFile; fileRef = DD7CC86DA38C424C794604C9;};
EE0E27CFEB6083B482019F36 = {isa = PBXFileReference; lastKnownFileType = sourcecode.swift; path = "PreferencesService.swift"; sourceTree = "<group>";};
58EB442AA484366EDF84C1ED = {isa = PBXBuildFile; fileRef = EE0E27CFEB6083B482019F36;};
9218BFC38E5F393C49141E50 = {isa = PBXFileReference; lastKnownFileType = sourcecode.swift; path = "ProfileEditingService.swift"; sourceTree = "<group>";};
698B434A68E5F7B6ECD81A72 = {isa = PBXBuildFile; fileRef = 9218BFC38E5F393C49141E50;};
6632E1D249B142B474361ABC = {isa = PBXFileReference; lastKnownFileType = sourcecode.swift; path = "TextInsertionService.swift"; sourceTree = "<group>";};
B5FC82E83C3F6A0FDD5F1958 = {isa = PBXBuildFile; fileRef = 6632E1D249B142B474361ABC;};
EF88C62A54D99AA78682C555 = {isa = PBXFileReference; lastKnownFileType = sourcecode.swift; path = "TriggerSessionService.swift"; sourceTree = "<group>";};
A1F9F0A0230BE45709A25D74 = {isa = PBXBuildFile; fileRef = EF88C62A54D99AA78682C555;};
7C6DFBB8CEF9B7D52D2BCBD0 = {isa = PBXGroup; children = (6DF06594BE6E35971BA4EF46,6C38513BE540DD9FB845AF07,6CB67DBEF4D346498902091E,E21A23F37E82640317551CFC,5DB0B145E96BAA251DFC137B,9A0E0CBCD240E03F4DF85B7F,DD7CC86DA38C424C794604C9,EE0E27CFEB6083B482019F36,9218BFC38E5F393C49141E50,6632E1D249B142B474361ABC,EF88C62A54D99AA78682C555,); path = "Services"; sourceTree = "<group>";};
2E7BAACFB678D4FCE5B6BABF = {isa = PBXFileReference; lastKnownFileType = sourcecode.swift; path = "EmptyStateView.swift"; sourceTree = "<group>";};
3CF381DA77D8B31F68CF463A = {isa = PBXBuildFile; fileRef = 2E7BAACFB678D4FCE5B6BABF;};
0C713E14BC94F092D2A837FB = {isa = PBXFileReference; lastKnownFileType = sourcecode.swift; path = "NonactivatingButton.swift"; sourceTree = "<group>";};
36FF714390A156B28F4357BD = {isa = PBXBuildFile; fileRef = 0C713E14BC94F092D2A837FB;};
61D905212B4B439F4F2C37FB = {isa = PBXFileReference; lastKnownFileType = sourcecode.swift; path = "PageHeaderView.swift"; sourceTree = "<group>";};
45C0555F1192B1FE8000BD87 = {isa = PBXBuildFile; fileRef = 61D905212B4B439F4F2C37FB;};
01758715CB952C955ED979B2 = {isa = PBXFileReference; lastKnownFileType = sourcecode.swift; path = "SettingsCardView.swift"; sourceTree = "<group>";};
CEF0499CB06900674ADCB90C = {isa = PBXBuildFile; fileRef = 01758715CB952C955ED979B2;};
F4A9425BEB9E3B96B0EB6848 = {isa = PBXFileReference; lastKnownFileType = sourcecode.swift; path = "SettingsControlRow.swift"; sourceTree = "<group>";};
AD2A059C862BA9D383BC05BB = {isa = PBXBuildFile; fileRef = F4A9425BEB9E3B96B0EB6848;};
EE84B097F74FC9A8EA4A0948 = {isa = PBXFileReference; lastKnownFileType = sourcecode.swift; path = "SettingsExplanationView.swift"; sourceTree = "<group>";};
99854C01C3FD084186C431DB = {isa = PBXBuildFile; fileRef = EE84B097F74FC9A8EA4A0948;};
44DD1071D98B62C0B0AC1861 = {isa = PBXGroup; children = (2E7BAACFB678D4FCE5B6BABF,0C713E14BC94F092D2A837FB,61D905212B4B439F4F2C37FB,01758715CB952C955ED979B2,F4A9425BEB9E3B96B0EB6848,EE84B097F74FC9A8EA4A0948,); path = "Components"; sourceTree = "<group>";};
5BA305ACA9D36567D0A92F21 = {isa = PBXFileReference; lastKnownFileType = sourcecode.swift; path = "EditorStyle.swift"; sourceTree = "<group>";};
180A799A0C8FBA97658E3A74 = {isa = PBXBuildFile; fileRef = 5BA305ACA9D36567D0A92F21;};
3937C45AA757B3AF76A7D8C4 = {isa = PBXFileReference; lastKnownFileType = sourcecode.swift; path = "SnippetTitleFormatting.swift"; sourceTree = "<group>";};
A0F7740C41ADD2BB0FB2E73B = {isa = PBXBuildFile; fileRef = 3937C45AA757B3AF76A7D8C4;};
06B68BE6BEEBA8EF6CEAE0B8 = {isa = PBXGroup; children = (5BA305ACA9D36567D0A92F21,3937C45AA757B3AF76A7D8C4,); path = "Styling"; sourceTree = "<group>";};
57DAE7F6A80FD2F3E460C65B = {isa = PBXGroup; children = (44DD1071D98B62C0B0AC1861,06B68BE6BEEBA8EF6CEAE0B8,); path = "Shared"; sourceTree = "<group>";};
88D990C34EEB3C78901BFD44 = {isa = PBXFileReference; lastKnownFileType = sourcecode.swift; path = "main.swift"; sourceTree = "<group>";};
7192B649C6FB6267BD7DF9BB = {isa = PBXBuildFile; fileRef = 88D990C34EEB3C78901BFD44;};
F2AB5FB218DA8B84623F4557 = {isa = PBXGroup; children = (A24A4D6F0745A42F18DEB5EE,FF32626228A5F27E2ED7B41D,762227FD596691B77FDCF45E,A69FF10E4E6BA77714224DB5,C84E6738AA09D867516FFF31,7C6DFBB8CEF9B7D52D2BCBD0,57DAE7F6A80FD2F3E460C65B,88D990C34EEB3C78901BFD44,); path = "Sources"; sourceTree = "<group>";};
F988CA26178E63625A3E138F = {isa = PBXFileReference; lastKnownFileType = sourcecode.swift; path = "DomainRulesTests.swift"; sourceTree = "<group>";};
3F2587B5DA7CF7FE0206B03B = {isa = PBXBuildFile; fileRef = F988CA26178E63625A3E138F;};
39A81CED4D207F9B4105BE1E = {isa = PBXGroup; children = (F988CA26178E63625A3E138F,); path = "Domain"; sourceTree = "<group>";};
68D2EB963D4DDD7FABE61E98 = {isa = PBXFileReference; lastKnownFileType = sourcecode.swift; path = "ConfigurationRepositoryTests.swift"; sourceTree = "<group>";};
480933A4ECC639E376DA1C12 = {isa = PBXBuildFile; fileRef = 68D2EB963D4DDD7FABE61E98;};
51B8F994A206D8FF2587E792 = {isa = PBXFileReference; lastKnownFileType = sourcecode.swift; path = "ConfigurationStorageInjectionTests.swift"; sourceTree = "<group>";};
0F506C3AC7C1EA939F5D65A5 = {isa = PBXBuildFile; fileRef = 51B8F994A206D8FF2587E792;};
C7341EB4D085C781F404D809 = {isa = PBXGroup; children = (68D2EB963D4DDD7FABE61E98,51B8F994A206D8FF2587E792,); path = "Persistence"; sourceTree = "<group>";};
FD50D501C12B7456A00263D1 = {isa = PBXFileReference; lastKnownFileType = sourcecode.swift; path = "FloatingMenuAnimatorTests.swift"; sourceTree = "<group>";};
6CA042EB3E9FE6A369FE432C = {isa = PBXBuildFile; fileRef = FD50D501C12B7456A00263D1;};
E9D8D418EBB00DF5DCB69A44 = {isa = PBXFileReference; lastKnownFileType = sourcecode.swift; path = "FloatingMenuTests.swift"; sourceTree = "<group>";};
8C4AC2A8DC2DC570173B037B = {isa = PBXBuildFile; fileRef = E9D8D418EBB00DF5DCB69A44;};
84AFACDD8D50CBF71D98DF37 = {isa = PBXFileReference; lastKnownFileType = sourcecode.swift; path = "NativePresentationTests.swift"; sourceTree = "<group>";};
7AA5D5F9B192496C25D48212 = {isa = PBXBuildFile; fileRef = 84AFACDD8D50CBF71D98DF37;};
B8D28A1528506865A9677577 = {isa = PBXGroup; children = (FD50D501C12B7456A00263D1,E9D8D418EBB00DF5DCB69A44,84AFACDD8D50CBF71D98DF37,); path = "Presentation"; sourceTree = "<group>";};
C48C47241F05C41134FBDBE7 = {isa = PBXFileReference; lastKnownFileType = sourcecode.swift; path = "AuthorizationServiceTests.swift"; sourceTree = "<group>";};
6B438C389527D8C302B2E049 = {isa = PBXBuildFile; fileRef = C48C47241F05C41134FBDBE7;};
D96EF6E1021343015AC8BF24 = {isa = PBXFileReference; lastKnownFileType = sourcecode.swift; path = "ConfigurationFileServiceTests.swift"; sourceTree = "<group>";};
15B9E34F37D7BB5C196FA283 = {isa = PBXBuildFile; fileRef = D96EF6E1021343015AC8BF24;};
6EBCDCA327AB9D2F8279E878 = {isa = PBXFileReference; lastKnownFileType = sourcecode.swift; path = "TextInsertionServiceTests.swift"; sourceTree = "<group>";};
46BA9E515DF09F7E0279FF4F = {isa = PBXBuildFile; fileRef = 6EBCDCA327AB9D2F8279E878;};
343DE6DA4D0762DFF0B9E5CB = {isa = PBXGroup; children = (C48C47241F05C41134FBDBE7,D96EF6E1021343015AC8BF24,6EBCDCA327AB9D2F8279E878,); path = "Services"; sourceTree = "<group>";};
64FEE2A63F20F8398F9D1F19 = {isa = PBXFileReference; lastKnownFileType = sourcecode.swift; path = "ManualAnimationScheduler.swift"; sourceTree = "<group>";};
0FEF84512B5936311302E7A5 = {isa = PBXBuildFile; fileRef = 64FEE2A63F20F8398F9D1F19;};
3A8EF866857D2B199D6737BC = {isa = PBXFileReference; lastKnownFileType = sourcecode.swift; path = "PresentationTestCase.swift"; sourceTree = "<group>";};
7CA5A900C4534EB63EDF3716 = {isa = PBXBuildFile; fileRef = 3A8EF866857D2B199D6737BC;};
2F2EC4FB54F48F6075C5B198 = {isa = PBXFileReference; lastKnownFileType = sourcecode.swift; path = "StubAuthorizationGuide.swift"; sourceTree = "<group>";};
A00E706773419ECD7BAE11FF = {isa = PBXBuildFile; fileRef = 2F2EC4FB54F48F6075C5B198;};
94FBF7D96C92F106DC31B6E3 = {isa = PBXFileReference; lastKnownFileType = sourcecode.swift; path = "StubConfigurationFileDialog.swift"; sourceTree = "<group>";};
BBEDAE92F2E5F4516E59C086 = {isa = PBXBuildFile; fileRef = 94FBF7D96C92F106DC31B6E3;};
8984EADCBAC4C3824272C725 = {isa = PBXFileReference; lastKnownFileType = sourcecode.swift; path = "StubConfigurationStorage.swift"; sourceTree = "<group>";};
700BED8CE1340A3F4E033015 = {isa = PBXBuildFile; fileRef = 8984EADCBAC4C3824272C725;};
D7682D26D72265289F3042C5 = {isa = PBXFileReference; lastKnownFileType = sourcecode.swift; path = "StubInputWorker.swift"; sourceTree = "<group>";};
E57C3D3A105982E58BB40A26 = {isa = PBXBuildFile; fileRef = D7682D26D72265289F3042C5;};
B3D0149C63C1A3A10A8730C5 = {isa = PBXFileReference; lastKnownFileType = sourcecode.swift; path = "StubOverlayInspector.swift"; sourceTree = "<group>";};
2D6C18B20300A3CD06E0D049 = {isa = PBXBuildFile; fileRef = B3D0149C63C1A3A10A8730C5;};
0D79BCC4BA27B3BA7838B0B4 = {isa = PBXFileReference; lastKnownFileType = sourcecode.swift; path = "StubPasteSystem.swift"; sourceTree = "<group>";};
88575E1E8042731E181B81E6 = {isa = PBXBuildFile; fileRef = 0D79BCC4BA27B3BA7838B0B4;};
95D6B799557E8BE1B0C4D3F2 = {isa = PBXGroup; children = (64FEE2A63F20F8398F9D1F19,3A8EF866857D2B199D6737BC,2F2EC4FB54F48F6075C5B198,94FBF7D96C92F106DC31B6E3,8984EADCBAC4C3824272C725,D7682D26D72265289F3042C5,B3D0149C63C1A3A10A8730C5,0D79BCC4BA27B3BA7838B0B4,); path = "Support"; sourceTree = "<group>";};
BB2031294456FC4DB2406F3B = {isa = PBXFileReference; lastKnownFileType = sourcecode.swift; path = "EditorSessionTests.swift"; sourceTree = "<group>";};
7E2FD653D875D887A8415EA2 = {isa = PBXBuildFile; fileRef = BB2031294456FC4DB2406F3B;};
E7DACB0062EA2EA1AC7A7552 = {isa = PBXFileReference; lastKnownFileType = sourcecode.swift; path = "ProfileEditorViewModelTests.swift"; sourceTree = "<group>";};
C0B2D2A9971E259FAE86464B = {isa = PBXBuildFile; fileRef = E7DACB0062EA2EA1AC7A7552;};
FA28300D8A86BD698C7CAC7B = {isa = PBXGroup; children = (BB2031294456FC4DB2406F3B,E7DACB0062EA2EA1AC7A7552,); path = "ViewModels"; sourceTree = "<group>";};
B61A6D542F9036550BA9C401 = {isa = PBXGroup; children = (39A81CED4D207F9B4105BE1E,C7341EB4D085C781F404D809,B8D28A1528506865A9677577,343DE6DA4D0762DFF0B9E5CB,95D6B799557E8BE1B0C4D3F2,FA28300D8A86BD698C7CAC7B,); path = "Tests"; sourceTree = "<group>";};
81918909E83595C8F4212CCC = {isa = PBXFileReference; explicitFileType = wrapper.application; path = PhrasePerch.app; sourceTree = BUILT_PRODUCTS_DIR;};
858E33F033846B57054E0712 = {isa = PBXFileReference; explicitFileType = wrapper.cfbundle; path = PhrasePerchTests.xctest; sourceTree = BUILT_PRODUCTS_DIR;};
F5A7FD183CD44F1B98F86721 = {isa = PBXFileReference; lastKnownFileType = text.plist.xml; path = Info.plist; sourceTree = "<group>";};
1CC85F793F361ECADED23F01 = {isa = PBXFileReference; lastKnownFileType = text; path = Resources/KeyboardShortcuts-LICENSE.txt; sourceTree = "<group>";};
8CA4D4AD62DB47159DFF3AB9 = {isa = PBXFileReference; lastKnownFileType = image.icns; path = Resources/AppIcon.icns; sourceTree = "<group>";};
68D984C6C6BD42AA9B10BD41 = {isa = PBXFileReference; lastKnownFileType = image.png; path = Resources/AppIcon.png; sourceTree = "<group>";};
568AC495C9FF40500A2C3FFF = {isa = PBXBuildFile; fileRef = 1CC85F793F361ECADED23F01;};
B9C6EB6F79FC54535ACB3053 = {isa = PBXResourcesBuildPhase; buildActionMask = 2147483647; files = (568AC495C9FF40500A2C3FFF,C046C78B746E4BE7B244B100,); runOnlyForDeploymentPostprocessing = 0;};
C046C78B746E4BE7B244B100 = {isa = PBXBuildFile; fileRef = 8CA4D4AD62DB47159DFF3AB9;};
86024CAD1E83101D97359D73 = {isa = PBXGroup; children = (81918909E83595C8F4212CCC,858E33F033846B57054E0712,); name = Products; sourceTree = "<group>";};
FAD58DE7366495DB4650CFEF = {isa = PBXGroup; children = (F2AB5FB218DA8B84623F4557,B61A6D542F9036550BA9C401,F5A7FD183CD44F1B98F86721,1CC85F793F361ECADED23F01,8CA4D4AD62DB47159DFF3AB9,68D984C6C6BD42AA9B10BD41,86024CAD1E83101D97359D73,); sourceTree = "<group>";};
EFE90A8E604A7C840E88D03A = {isa = XCRemoteSwiftPackageReference; repositoryURL = "https://github.com/sindresorhus/KeyboardShortcuts"; requirement = {kind = exactVersion; version = 3.1.0;};};
A5073060D1AC5149506FF767 = {isa = XCSwiftPackageProductDependency; package = EFE90A8E604A7C840E88D03A; productName = KeyboardShortcuts;};
D5CAA9390F09D348334B34E7 = {isa = PBXBuildFile; productRef = A5073060D1AC5149506FF767;};
FCA229C23F166EBB0BA5029E = {isa = PBXSourcesBuildPhase; buildActionMask = 2147483647; files = (DE4DC7203ADB1C51B17AC452,267A8F6202EAD86BC427DDEA,FA5EF4F8AC666B0D7D04A039,9990D41B49CFE9E7FF093076,582E5A108FB04DDCF8A918F8,540C74A84776A023B9C37EA2,5167FCC3916AEC1BD78862B6,D2ADEB88297D44E9DF7FB113,4BE7FCDA2528BDFC60DEB226,11CFF7BF1F5D4F91694016C8,C56514EC18E3A47C51ABEDBC,FB579D9A8BC1ED09ECAEFDED,4BBEA6641A5A752892796590,124E9820A02A829F3BAF1626,BCE9B3B4B7025CA289D5F7B1,A49B492D1BD3F8C79F90F3BB,74D7A29F60576F6ADD06BA0B,CAF840E1205EA3D5ABE207D4,FFA0A9E7398480EA166B4714,024C4D4D6CC2EA994161FD16,B1FE526C9511110571A1E2C9,9EE5CA37BC813EB0259E7A15,68E6F2719FE44BF7607517CB,5555DA796BB46D990FB8A47D,7DFA26A87A3879FB32A5E7FA,3F115FAA57B2AA884959EDF3,CAD024D367E46F726B8E2EA0,1E5263533C1919427ADBD85A,B0EA91AC4B784CF184823706,DD9CEFD272D5478F78AEF091,58D7C5078AF83AF17A3A64ED,3F586C5A23515603321D5265,D391F205915EDDE13929E055,88299A12B143475A3509501E,299B5C895FF4628BCD315E80,1127B0A98DB065DA36A4610A,B83C97B8F05930D9F7CF12E0,434046AA4E7C415B6E22C556,806FD07111BE5D85E1D49107,1D863BBA46974E5433DA0FFC,A3CA62CD7240A4A1664BFF1C,63EB7B4B431F26841BDE8025,DF24AF4037EA51CECEE4D853,32F9FFA5D00077A9469322F4,7A623939BB65278E0C72D189,EF8D7630EDAB87CD7930E0FC,DDFE8BD99DA02E96B14C9DD2,FDE9DD673EAD0C1D9ECECFAE,D8486F8263F4A9BA50553572,6465E2744736928C3E06591D,B52846907750618F1EED884E,7F7166D8AF75215571DB89AE,E9AACF2B155C9848F9CD8D42,010D16D314DDB01BE14A7D4A,258478E9BB4C62AD467CB294,7068DBBFB1EE7A826D75CAFC,F5387B5804BD2CF9CFE4663B,1354E706C67CA7B4F54CB0AE,AB113E401F963AB1980DC996,EF903375BB4CF7D232626148,BDD7094F38F23D021C187C80,3756D45D627B34049C8CD16A,7F30EBD396724D4C80E32AFA,8AF3786D8D173E55AC11A192,808F5E154E3FBA94DFC6901F,2089626FB2B2954F9DAE3E2E,D933FFBFA22F4177D3651683,5A9ECE5CC2850CDCB818B171,1FEA023C0B95D03E5D8ED8DC,504AB0671C154AE1924FA644,AB6925BF92DBBB6FDBD441AE,D897A4DAB93BCC354DDFBEF7,D2F3754CFA929C867310C29E,4E89B6C33C36A364ED2D2019,C9CA59CC87BFBC437632E4D8,798EF1B01BB2BDCB68EE1BF0,043DB6A4ED50ACB8544FDF71,C52829105EAD68277F0EF71D,07EEC6B94426D797A35CF92D,956085986641E14AD117A0E5,D5517A7187538F73ED0730A7,02271605F633D6885D23A4BB,AE6E7C61A37E4E6EE129D3A1,90927F07BD616B3F41011518,9BB1C697EC36CDCA5604E0DB,3ED6D7AC2CFDCAB8C03DE1DD,8C6889EE5B15D9DF2A1AFFEB,FAFD32E249259B2543E37C87,440415D39DE0FBF98A09E04A,7771CA514FD2DECB9CA19B2B,7E9A29846D808EAB31F658FF,D78ED3D0EF71FF15D5151872,7A944F8A62B4E93C10C12631,3459B6ECE3C23EBBC151DFE7,81687BDBF4C0F9578C01E84A,3EF854476052F05552A44DF8,37B6B3046EF6C13F390192E4,C5A8F743CDE351F6D9AAD67C,EBC20AEF7E3FAD331F94EAAF,DE489D65E21029BF7D273B62,C455D5EB2165C7A3B2974920,7EF3EAE37DEC1288C516A22A,8CBFBE277B3F5FF42C9D1A15,9975EE109687D4E1FD76C1E2,A1585A29E3AFDE1563DAFB60,592D4134EE3D45A281F67C37,530C68C378BDD3EC5932376A,F2C776798F75E33B946AC94A,1F0F0FA73AEA8379E043CAAC,A623B148BE643F94EBDB1C06,58EB442AA484366EDF84C1ED,698B434A68E5F7B6ECD81A72,B5FC82E83C3F6A0FDD5F1958,A1F9F0A0230BE45709A25D74,3CF381DA77D8B31F68CF463A,36FF714390A156B28F4357BD,45C0555F1192B1FE8000BD87,CEF0499CB06900674ADCB90C,AD2A059C862BA9D383BC05BB,99854C01C3FD084186C431DB,180A799A0C8FBA97658E3A74,A0F7740C41ADD2BB0FB2E73B,7192B649C6FB6267BD7DF9BB,); runOnlyForDeploymentPostprocessing = 0;};
059DB2086B49B680F85B3555 = {isa = PBXFrameworksBuildPhase; buildActionMask = 2147483647; files = (D5CAA9390F09D348334B34E7,); runOnlyForDeploymentPostprocessing = 0;};
CC687EAC0A40BA68600C6802 = {isa = PBXSourcesBuildPhase; buildActionMask = 2147483647; files = (3F2587B5DA7CF7FE0206B03B,480933A4ECC639E376DA1C12,0F506C3AC7C1EA939F5D65A5,6CA042EB3E9FE6A369FE432C,8C4AC2A8DC2DC570173B037B,7AA5D5F9B192496C25D48212,6B438C389527D8C302B2E049,15B9E34F37D7BB5C196FA283,46BA9E515DF09F7E0279FF4F,0FEF84512B5936311302E7A5,7CA5A900C4534EB63EDF3716,A00E706773419ECD7BAE11FF,BBEDAE92F2E5F4516E59C086,700BED8CE1340A3F4E033015,E57C3D3A105982E58BB40A26,2D6C18B20300A3CD06E0D049,88575E1E8042731E181B81E6,7E2FD653D875D887A8415EA2,C0B2D2A9971E259FAE86464B,); runOnlyForDeploymentPostprocessing = 0;};
F254C1196975440FD4DCE9FD = {isa = PBXFrameworksBuildPhase; buildActionMask = 2147483647; files = (); runOnlyForDeploymentPostprocessing = 0;};
59233E4D684FB5A1A72525B8 = {isa = XCBuildConfiguration; name = Debug; buildSettings = {MACOSX_DEPLOYMENT_TARGET = "14.0";SDKROOT = "macosx";SWIFT_VERSION = "6.0";ARCHS = "arm64";CLANG_ENABLE_MODULES = "YES";SWIFT_STRICT_CONCURRENCY = "complete";SWIFT_OPTIMIZATION_LEVEL = "-Onone";ENABLE_TESTABILITY = "YES";GCC_PREPROCESSOR_DEFINITIONS = "DEBUG=1";SWIFT_ACTIVE_COMPILATION_CONDITIONS = "DEBUG";};};
8D5ED1041709BB7FC1DE2B10 = {isa = XCBuildConfiguration; name = Release; buildSettings = {MACOSX_DEPLOYMENT_TARGET = "14.0";SDKROOT = "macosx";SWIFT_VERSION = "6.0";ARCHS = "arm64";CLANG_ENABLE_MODULES = "YES";SWIFT_STRICT_CONCURRENCY = "complete";SWIFT_OPTIMIZATION_LEVEL = "-O";};};
927FED1AB2217D3B3EC771F8 = {isa = XCConfigurationList; buildConfigurations = (59233E4D684FB5A1A72525B8,8D5ED1041709BB7FC1DE2B10,); defaultConfigurationIsVisible = 0; defaultConfigurationName = Release;};
72FB3ED29B4639D83EC5DB14 = {isa = XCBuildConfiguration; name = Debug; buildSettings = {MACOSX_DEPLOYMENT_TARGET = "14.0";SDKROOT = "macosx";SWIFT_VERSION = "6.0";ARCHS = "arm64";CLANG_ENABLE_MODULES = "YES";SWIFT_STRICT_CONCURRENCY = "complete";PRODUCT_NAME = "$(TARGET_NAME)";PRODUCT_BUNDLE_IDENTIFIER = "local.FloatingInputBar";GENERATE_INFOPLIST_FILE = NO;INFOPLIST_FILE = Info.plist;MARKETING_VERSION = "0.0.1";CURRENT_PROJECT_VERSION = "4";ENABLE_APP_SANDBOX = "NO";ENABLE_HARDENED_RUNTIME = "YES";CODE_SIGN_IDENTITY = "-";CODE_SIGN_STYLE = "Manual";COMBINE_HIDPI_IMAGES = "YES";LD_RUNPATH_SEARCH_PATHS = "$(inherited) @executable_path/../Frameworks";SWIFT_OPTIMIZATION_LEVEL = "-Onone";ENABLE_TESTABILITY = "YES";GCC_PREPROCESSOR_DEFINITIONS = "DEBUG=1";SWIFT_ACTIVE_COMPILATION_CONDITIONS = "DEBUG";};};
191734982F22ABEBB64A1AE0 = {isa = XCBuildConfiguration; name = Release; buildSettings = {MACOSX_DEPLOYMENT_TARGET = "14.0";SDKROOT = "macosx";SWIFT_VERSION = "6.0";ARCHS = "arm64";CLANG_ENABLE_MODULES = "YES";SWIFT_STRICT_CONCURRENCY = "complete";PRODUCT_NAME = "$(TARGET_NAME)";PRODUCT_BUNDLE_IDENTIFIER = "local.FloatingInputBar";GENERATE_INFOPLIST_FILE = NO;INFOPLIST_FILE = Info.plist;MARKETING_VERSION = "0.0.1";CURRENT_PROJECT_VERSION = "4";ENABLE_APP_SANDBOX = "NO";ENABLE_HARDENED_RUNTIME = "YES";CODE_SIGN_IDENTITY = "-";CODE_SIGN_STYLE = "Manual";COMBINE_HIDPI_IMAGES = "YES";LD_RUNPATH_SEARCH_PATHS = "$(inherited) @executable_path/../Frameworks";SWIFT_OPTIMIZATION_LEVEL = "-O";};};
F47A91ECDCA0FD670D0C3CCB = {isa = XCConfigurationList; buildConfigurations = (72FB3ED29B4639D83EC5DB14,191734982F22ABEBB64A1AE0,); defaultConfigurationIsVisible = 0; defaultConfigurationName = Release;};
5AB3A6BF84C2901E813939E6 = {isa = XCBuildConfiguration; name = Debug; buildSettings = {MACOSX_DEPLOYMENT_TARGET = "14.0";SDKROOT = "macosx";SWIFT_VERSION = "6.0";ARCHS = "arm64";CLANG_ENABLE_MODULES = "YES";SWIFT_STRICT_CONCURRENCY = "complete";PRODUCT_NAME = "$(TARGET_NAME)";PRODUCT_BUNDLE_IDENTIFIER = "local.FloatingInputBar.Tests";GENERATE_INFOPLIST_FILE = "YES";CODE_SIGN_IDENTITY = "-";CODE_SIGN_STYLE = "Manual";TEST_HOST = "$(BUILT_PRODUCTS_DIR)/PhrasePerch.app/Contents/MacOS/PhrasePerch";BUNDLE_LOADER = "$(TEST_HOST)";LD_RUNPATH_SEARCH_PATHS = "$(inherited) @executable_path/../Frameworks @loader_path/../Frameworks";SWIFT_OPTIMIZATION_LEVEL = "-Onone";ENABLE_TESTABILITY = "YES";GCC_PREPROCESSOR_DEFINITIONS = "DEBUG=1";SWIFT_ACTIVE_COMPILATION_CONDITIONS = "DEBUG";};};
54ECD3B736C66C8688F6C25B = {isa = XCBuildConfiguration; name = Release; buildSettings = {MACOSX_DEPLOYMENT_TARGET = "14.0";SDKROOT = "macosx";SWIFT_VERSION = "6.0";ARCHS = "arm64";CLANG_ENABLE_MODULES = "YES";SWIFT_STRICT_CONCURRENCY = "complete";PRODUCT_NAME = "$(TARGET_NAME)";PRODUCT_BUNDLE_IDENTIFIER = "local.FloatingInputBar.Tests";GENERATE_INFOPLIST_FILE = "YES";CODE_SIGN_IDENTITY = "-";CODE_SIGN_STYLE = "Manual";TEST_HOST = "$(BUILT_PRODUCTS_DIR)/PhrasePerch.app/Contents/MacOS/PhrasePerch";BUNDLE_LOADER = "$(TEST_HOST)";LD_RUNPATH_SEARCH_PATHS = "$(inherited) @executable_path/../Frameworks @loader_path/../Frameworks";SWIFT_OPTIMIZATION_LEVEL = "-O";};};
41D8BCD91330FC4E1B9D816D = {isa = XCConfigurationList; buildConfigurations = (5AB3A6BF84C2901E813939E6,54ECD3B736C66C8688F6C25B,); defaultConfigurationIsVisible = 0; defaultConfigurationName = Release;};
99889D60A11D60E2AA54819D = {isa = PBXNativeTarget; buildConfigurationList = F47A91ECDCA0FD670D0C3CCB; buildPhases = (FCA229C23F166EBB0BA5029E,059DB2086B49B680F85B3555,B9C6EB6F79FC54535ACB3053,); buildRules = (); dependencies = (); name = PhrasePerch; packageProductDependencies = (A5073060D1AC5149506FF767,); productName = PhrasePerch; productReference = 81918909E83595C8F4212CCC; productType = "com.apple.product-type.application";};
431387EB7262E1CFC79B125E = {isa = PBXContainerItemProxy; containerPortal = 46F86FAA6BBF9AC94A7E4595; proxyType = 1; remoteGlobalIDString = 99889D60A11D60E2AA54819D; remoteInfo = PhrasePerch;};
E54DEBD65D8142E7785275AA = {isa = PBXTargetDependency; target = 99889D60A11D60E2AA54819D; targetProxy = 431387EB7262E1CFC79B125E;};
124C588D1E4E0F457FAD7DFF = {isa = PBXNativeTarget; buildConfigurationList = 41D8BCD91330FC4E1B9D816D; buildPhases = (CC687EAC0A40BA68600C6802,F254C1196975440FD4DCE9FD,); buildRules = (); dependencies = (E54DEBD65D8142E7785275AA,); name = PhrasePerchTests; productName = PhrasePerchTests; productReference = 858E33F033846B57054E0712; productType = "com.apple.product-type.bundle.unit-test";};
46F86FAA6BBF9AC94A7E4595 = {isa = PBXProject; attributes = {LastUpgradeCheck = 2700;}; buildConfigurationList = 927FED1AB2217D3B3EC771F8; compatibilityVersion = "Xcode 14.0"; developmentRegion = en; knownRegions = (en,Base,); mainGroup = FAD58DE7366495DB4650CFEF; packageReferences = (EFE90A8E604A7C840E88D03A,); productRefGroup = 86024CAD1E83101D97359D73; projectDirPath = ""; projectRoot = ""; targets = (99889D60A11D60E2AA54819D,124C588D1E4E0F457FAD7DFF,);};
};rootObject = 46F86FAA6BBF9AC94A7E4595;}
