// !$*UTF8*$!
{archiveVersion = 1; classes = {}; objectVersion = 56; objects = {
2FF80985A60D03B1746D0F95 = {isa = PBXFileReference; lastKnownFileType = sourcecode.swift; path = "AppCoordinator.swift"; sourceTree = "<group>";};
70BCAE6022216A10F4AF069B = {isa = PBXBuildFile; fileRef = 2FF80985A60D03B1746D0F95;};
935F19A197C2FAE72A2D4D05 = {isa = PBXFileReference; lastKnownFileType = sourcecode.swift; path = "ConfigurationStore.swift"; sourceTree = "<group>";};
73D4CEEF83D5691F8C5F5486 = {isa = PBXBuildFile; fileRef = 935F19A197C2FAE72A2D4D05;};
B8DF39C4EB9C2FA2BFAB96C0 = {isa = PBXFileReference; lastKnownFileType = sourcecode.swift; path = "FloatingPanel.swift"; sourceTree = "<group>";};
61D5E58670B91AA2C974C792 = {isa = PBXBuildFile; fileRef = B8DF39C4EB9C2FA2BFAB96C0;};
C22586ABB49CABC9DB8DB398 = {isa = PBXFileReference; lastKnownFileType = sourcecode.swift; path = "Models.swift"; sourceTree = "<group>";};
7FCA99F642FA2B3B5E5281AC = {isa = PBXBuildFile; fileRef = C22586ABB49CABC9DB8DB398;};
7B135D1ED2E3AAA4A159CA23 = {isa = PBXFileReference; lastKnownFileType = sourcecode.swift; path = "SettingsView.swift"; sourceTree = "<group>";};
85D3D904B3E4CF11EF0A3042 = {isa = PBXBuildFile; fileRef = 7B135D1ED2E3AAA4A159CA23;};
A5E4A977AFEFEBB2F1BBC7E6 = {isa = PBXFileReference; lastKnownFileType = sourcecode.swift; path = "TextInsertionService.swift"; sourceTree = "<group>";};
C97DA24F83641E6D0B0300B6 = {isa = PBXBuildFile; fileRef = A5E4A977AFEFEBB2F1BBC7E6;};
3550978B5308EE26AF21F1C3 = {isa = PBXFileReference; lastKnownFileType = sourcecode.swift; path = "main.swift"; sourceTree = "<group>";};
CB41C1E84EC8BFF518BCBAA8 = {isa = PBXBuildFile; fileRef = 3550978B5308EE26AF21F1C3;};
8BC944DBD052EF51652E70A5 = {isa = PBXFileReference; lastKnownFileType = sourcecode.swift; path = CoreTests.swift; sourceTree = "<group>";};
B738A023A85613CD89CCE35B = {isa = PBXBuildFile; fileRef = 8BC944DBD052EF51652E70A5;};
F2AB5FB218DA8B84623F4557 = {isa = PBXGroup; children = (2FF80985A60D03B1746D0F95,935F19A197C2FAE72A2D4D05,B8DF39C4EB9C2FA2BFAB96C0,C22586ABB49CABC9DB8DB398,7B135D1ED2E3AAA4A159CA23,A5E4A977AFEFEBB2F1BBC7E6,3550978B5308EE26AF21F1C3,); path = Sources; sourceTree = "<group>";};
B61A6D542F9036550BA9C401 = {isa = PBXGroup; children = (8BC944DBD052EF51652E70A5,); path = Tests; sourceTree = "<group>";};
81918909E83595C8F4212CCC = {isa = PBXFileReference; explicitFileType = wrapper.application; path = PhrasePerch.app; sourceTree = BUILT_PRODUCTS_DIR;};
858E33F033846B57054E0712 = {isa = PBXFileReference; explicitFileType = wrapper.cfbundle; path = PhrasePerchTests.xctest; sourceTree = BUILT_PRODUCTS_DIR;};
1CC85F793F361ECADED23F01 = {isa = PBXFileReference; lastKnownFileType = text; path = Resources/KeyboardShortcuts-LICENSE.txt; sourceTree = "<group>";};
7CCB1A4B2D654D7B8C1F001A = {isa = PBXFileReference; lastKnownFileType = folder.assetcatalog; path = Assets.xcassets; sourceTree = "<group>";};
568AC495C9FF40500A2C3FFF = {isa = PBXBuildFile; fileRef = 1CC85F793F361ECADED23F01;};
B9C6EB6F79FC54535ACB3053 = {isa = PBXResourcesBuildPhase; buildActionMask = 2147483647; files = (568AC495C9FF40500A2C3FFF,7CCB1A4B2D654D7B8C1F001B,); runOnlyForDeploymentPostprocessing = 0;};
7CCB1A4B2D654D7B8C1F001B = {isa = PBXBuildFile; fileRef = 7CCB1A4B2D654D7B8C1F001A;};
86024CAD1E83101D97359D73 = {isa = PBXGroup; children = (81918909E83595C8F4212CCC,858E33F033846B57054E0712,); name = Products; sourceTree = "<group>";};
FAD58DE7366495DB4650CFEF = {isa = PBXGroup; children = (F2AB5FB218DA8B84623F4557,B61A6D542F9036550BA9C401,1CC85F793F361ECADED23F01,7CCB1A4B2D654D7B8C1F001A,86024CAD1E83101D97359D73,); sourceTree = "<group>";};
EFE90A8E604A7C840E88D03A = {isa = XCRemoteSwiftPackageReference; repositoryURL = "https://github.com/sindresorhus/KeyboardShortcuts"; requirement = {kind = exactVersion; version = 3.1.0;};};
A5073060D1AC5149506FF767 = {isa = XCSwiftPackageProductDependency; package = EFE90A8E604A7C840E88D03A; productName = KeyboardShortcuts;};
D5CAA9390F09D348334B34E7 = {isa = PBXBuildFile; productRef = A5073060D1AC5149506FF767;};
FCA229C23F166EBB0BA5029E = {isa = PBXSourcesBuildPhase; buildActionMask = 2147483647; files = (70BCAE6022216A10F4AF069B,73D4CEEF83D5691F8C5F5486,61D5E58670B91AA2C974C792,7FCA99F642FA2B3B5E5281AC,85D3D904B3E4CF11EF0A3042,C97DA24F83641E6D0B0300B6,CB41C1E84EC8BFF518BCBAA8,); runOnlyForDeploymentPostprocessing = 0;};
059DB2086B49B680F85B3555 = {isa = PBXFrameworksBuildPhase; buildActionMask = 2147483647; files = (D5CAA9390F09D348334B34E7,); runOnlyForDeploymentPostprocessing = 0;};
CC687EAC0A40BA68600C6802 = {isa = PBXSourcesBuildPhase; buildActionMask = 2147483647; files = (B738A023A85613CD89CCE35B,); runOnlyForDeploymentPostprocessing = 0;};
F254C1196975440FD4DCE9FD = {isa = PBXFrameworksBuildPhase; buildActionMask = 2147483647; files = (); runOnlyForDeploymentPostprocessing = 0;};
59233E4D684FB5A1A72525B8 = {isa = XCBuildConfiguration; name = Debug; buildSettings = {MACOSX_DEPLOYMENT_TARGET = "14.0";SDKROOT = "macosx";SWIFT_VERSION = "6.0";ARCHS = "arm64";CLANG_ENABLE_MODULES = "YES";SWIFT_STRICT_CONCURRENCY = "complete";SWIFT_OPTIMIZATION_LEVEL = "-Onone";ENABLE_TESTABILITY = "YES";GCC_PREPROCESSOR_DEFINITIONS = "DEBUG=1";SWIFT_ACTIVE_COMPILATION_CONDITIONS = "DEBUG";};};
8D5ED1041709BB7FC1DE2B10 = {isa = XCBuildConfiguration; name = Release; buildSettings = {MACOSX_DEPLOYMENT_TARGET = "14.0";SDKROOT = "macosx";SWIFT_VERSION = "6.0";ARCHS = "arm64";CLANG_ENABLE_MODULES = "YES";SWIFT_STRICT_CONCURRENCY = "complete";SWIFT_OPTIMIZATION_LEVEL = "-O";};};
927FED1AB2217D3B3EC771F8 = {isa = XCConfigurationList; buildConfigurations = (59233E4D684FB5A1A72525B8,8D5ED1041709BB7FC1DE2B10,); defaultConfigurationIsVisible = 0; defaultConfigurationName = Release;};
72FB3ED29B4639D83EC5DB14 = {isa = XCBuildConfiguration; name = Debug; buildSettings = {MACOSX_DEPLOYMENT_TARGET = "14.0";SDKROOT = "macosx";SWIFT_VERSION = "6.0";ARCHS = "arm64";CLANG_ENABLE_MODULES = "YES";SWIFT_STRICT_CONCURRENCY = "complete";PRODUCT_NAME = "$(TARGET_NAME)";PRODUCT_BUNDLE_IDENTIFIER = "local.FloatingInputBar";GENERATE_INFOPLIST_FILE = "YES";INFOPLIST_KEY_CFBundleDisplayName = "PhrasePerch";ASSETCATALOG_COMPILER_APPICON_NAME = AppIcon;MARKETING_VERSION = "0.0.1";CURRENT_PROJECT_VERSION = "4";ENABLE_APP_SANDBOX = "NO";ENABLE_HARDENED_RUNTIME = "YES";CODE_SIGN_IDENTITY = "-";CODE_SIGN_STYLE = "Manual";COMBINE_HIDPI_IMAGES = "YES";LD_RUNPATH_SEARCH_PATHS = "$(inherited) @executable_path/../Frameworks";SWIFT_OPTIMIZATION_LEVEL = "-Onone";ENABLE_TESTABILITY = "YES";GCC_PREPROCESSOR_DEFINITIONS = "DEBUG=1";SWIFT_ACTIVE_COMPILATION_CONDITIONS = "DEBUG";};};
191734982F22ABEBB64A1AE0 = {isa = XCBuildConfiguration; name = Release; buildSettings = {MACOSX_DEPLOYMENT_TARGET = "14.0";SDKROOT = "macosx";SWIFT_VERSION = "6.0";ARCHS = "arm64";CLANG_ENABLE_MODULES = "YES";SWIFT_STRICT_CONCURRENCY = "complete";PRODUCT_NAME = "$(TARGET_NAME)";PRODUCT_BUNDLE_IDENTIFIER = "local.FloatingInputBar";GENERATE_INFOPLIST_FILE = "YES";INFOPLIST_KEY_CFBundleDisplayName = "PhrasePerch";ASSETCATALOG_COMPILER_APPICON_NAME = AppIcon;MARKETING_VERSION = "0.0.1";CURRENT_PROJECT_VERSION = "4";ENABLE_APP_SANDBOX = "NO";ENABLE_HARDENED_RUNTIME = "YES";CODE_SIGN_IDENTITY = "-";CODE_SIGN_STYLE = "Manual";COMBINE_HIDPI_IMAGES = "YES";LD_RUNPATH_SEARCH_PATHS = "$(inherited) @executable_path/../Frameworks";SWIFT_OPTIMIZATION_LEVEL = "-O";};};
F47A91ECDCA0FD670D0C3CCB = {isa = XCConfigurationList; buildConfigurations = (72FB3ED29B4639D83EC5DB14,191734982F22ABEBB64A1AE0,); defaultConfigurationIsVisible = 0; defaultConfigurationName = Release;};
5AB3A6BF84C2901E813939E6 = {isa = XCBuildConfiguration; name = Debug; buildSettings = {MACOSX_DEPLOYMENT_TARGET = "14.0";SDKROOT = "macosx";SWIFT_VERSION = "6.0";ARCHS = "arm64";CLANG_ENABLE_MODULES = "YES";SWIFT_STRICT_CONCURRENCY = "complete";PRODUCT_NAME = "$(TARGET_NAME)";PRODUCT_BUNDLE_IDENTIFIER = "local.FloatingInputBar.Tests";GENERATE_INFOPLIST_FILE = "YES";CODE_SIGN_IDENTITY = "-";CODE_SIGN_STYLE = "Manual";TEST_HOST = "$(BUILT_PRODUCTS_DIR)/PhrasePerch.app/Contents/MacOS/PhrasePerch";BUNDLE_LOADER = "$(TEST_HOST)";LD_RUNPATH_SEARCH_PATHS = "$(inherited) @executable_path/../Frameworks @loader_path/../Frameworks";SWIFT_OPTIMIZATION_LEVEL = "-Onone";ENABLE_TESTABILITY = "YES";GCC_PREPROCESSOR_DEFINITIONS = "DEBUG=1";SWIFT_ACTIVE_COMPILATION_CONDITIONS = "DEBUG";};};
54ECD3B736C66C8688F6C25B = {isa = XCBuildConfiguration; name = Release; buildSettings = {MACOSX_DEPLOYMENT_TARGET = "14.0";SDKROOT = "macosx";SWIFT_VERSION = "6.0";ARCHS = "arm64";CLANG_ENABLE_MODULES = "YES";SWIFT_STRICT_CONCURRENCY = "complete";PRODUCT_NAME = "$(TARGET_NAME)";PRODUCT_BUNDLE_IDENTIFIER = "local.FloatingInputBar.Tests";GENERATE_INFOPLIST_FILE = "YES";CODE_SIGN_IDENTITY = "-";CODE_SIGN_STYLE = "Manual";TEST_HOST = "$(BUILT_PRODUCTS_DIR)/PhrasePerch.app/Contents/MacOS/PhrasePerch";BUNDLE_LOADER = "$(TEST_HOST)";LD_RUNPATH_SEARCH_PATHS = "$(inherited) @executable_path/../Frameworks @loader_path/../Frameworks";SWIFT_OPTIMIZATION_LEVEL = "-O";};};
41D8BCD91330FC4E1B9D816D = {isa = XCConfigurationList; buildConfigurations = (5AB3A6BF84C2901E813939E6,54ECD3B736C66C8688F6C25B,); defaultConfigurationIsVisible = 0; defaultConfigurationName = Release;};
99889D60A11D60E2AA54819D = {isa = PBXNativeTarget; buildConfigurationList = F47A91ECDCA0FD670D0C3CCB; buildPhases = (FCA229C23F166EBB0BA5029E,059DB2086B49B680F85B3555,B9C6EB6F79FC54535ACB3053,); buildRules = (); dependencies = (); name = PhrasePerch; packageProductDependencies = (A5073060D1AC5149506FF767,); productName = PhrasePerch; productReference = 81918909E83595C8F4212CCC; productType = "com.apple.product-type.application";};
431387EB7262E1CFC79B125E = {isa = PBXContainerItemProxy; containerPortal = 46F86FAA6BBF9AC94A7E4595; proxyType = 1; remoteGlobalIDString = 99889D60A11D60E2AA54819D; remoteInfo = PhrasePerch;};
E54DEBD65D8142E7785275AA = {isa = PBXTargetDependency; target = 99889D60A11D60E2AA54819D; targetProxy = 431387EB7262E1CFC79B125E;};
124C588D1E4E0F457FAD7DFF = {isa = PBXNativeTarget; buildConfigurationList = 41D8BCD91330FC4E1B9D816D; buildPhases = (CC687EAC0A40BA68600C6802,F254C1196975440FD4DCE9FD,); buildRules = (); dependencies = (E54DEBD65D8142E7785275AA,); name = PhrasePerchTests; productName = PhrasePerchTests; productReference = 858E33F033846B57054E0712; productType = "com.apple.product-type.bundle.unit-test";};
46F86FAA6BBF9AC94A7E4595 = {isa = PBXProject; attributes = {LastUpgradeCheck = 2700;}; buildConfigurationList = 927FED1AB2217D3B3EC771F8; compatibilityVersion = "Xcode 14.0"; developmentRegion = en; knownRegions = (en,Base,); mainGroup = FAD58DE7366495DB4650CFEF; packageReferences = (EFE90A8E604A7C840E88D03A,); productRefGroup = 86024CAD1E83101D97359D73; projectDirPath = ""; projectRoot = ""; targets = (99889D60A11D60E2AA54819D,124C588D1E4E0F457FAD7DFF,);};
};rootObject = 46F86FAA6BBF9AC94A7E4595;}
